
Microsoft Visual Studio Solution File, Format Version 12.00
# Visual Studio Version 17
VisualStudioVersion = 17.3.32929.385
MinimumVisualStudioVersion = 10.0.40219.1
Project("{FAE04EC0-301F-11D3-BF4B-00C04F79EFBC}") = "Wpf.Common.Core", "Wpf.Common.Core\Wpf.Common.Core.csproj", "{ECC3E9F9-994B-494B-9E88-7FF8384B6250}"
EndProject
Project("{FAE04EC0-301F-11D3-BF4B-00C04F79EFBC}") = "Wpf.Common", "Wpf.Common\Wpf.Common.csproj", "{673DA389-6701-4CCC-A4CF-5310C693DEC2}"
EndProject
Project("{FAE04EC0-301F-11D3-BF4B-00C04F79EFBC}") = "Wpf.Common.Controls", "Wpf.Common.Controls\Wpf.Common.Controls.csproj", "{DF0F0CA5-4842-45B6-828B-80CE2D31AF92}"
EndProject
Project("{FAE04EC0-301F-11D3-BF4B-00C04F79EFBC}") = "Wpf.Common.Demo", "Wpf.Common.Demo\Wpf.Common.Demo.csproj", "{751F52F2-E949-40EE-B227-B2178CE757FF}"
EndProject
Project("{FAE04EC0-301F-11D3-BF4B-00C04F79EFBC}") = "Wpf.Common.Composition", "Wpf.Common.Composition\Wpf.Common.Composition.csproj", "{104CADE6-56FC-4DC5-B38B-CFFD03DAD844}"
EndProject
Global
	GlobalSection(SolutionConfigurationPlatforms) = preSolution
		Debug|Any CPU = Debug|Any CPU
		Release|Any CPU = Release|Any CPU
	EndGlobalSection
	GlobalSection(ProjectConfigurationPlatforms) = postSolution
		{ECC3E9F9-994B-494B-9E88-7FF8384B6250}.Debug|Any CPU.ActiveCfg = Debug|Any CPU
		{ECC3E9F9-994B-494B-9E88-7FF8384B6250}.Debug|Any CPU.Build.0 = Debug|Any CPU
		{ECC3E9F9-994B-494B-9E88-7FF8384B6250}.Release|Any CPU.ActiveCfg = Release|Any CPU
		{ECC3E9F9-994B-494B-9E88-7FF8384B6250}.Release|Any CPU.Build.0 = Release|Any CPU
		{673DA389-6701-4CCC-A4CF-5310C693DEC2}.Debug|Any CPU.ActiveCfg = Debug|Any CPU
		{673DA389-6701-4CCC-A4CF-5310C693DEC2}.Debug|Any CPU.Build.0 = Debug|Any CPU
		{673DA389-6701-4CCC-A4CF-5310C693DEC2}.Release|Any CPU.ActiveCfg = Release|Any CPU
		{673DA389-6701-4CCC-A4CF-5310C693DEC2}.Release|Any CPU.Build.0 = Release|Any CPU
		{DF0F0CA5-4842-45B6-828B-80CE2D31AF92}.Debug|Any CPU.ActiveCfg = Debug|Any CPU
		{DF0F0CA5-4842-45B6-828B-80CE2D31AF92}.Debug|Any CPU.Build.0 = Debug|Any CPU
		{DF0F0CA5-4842-45B6-828B-80CE2D31AF92}.Release|Any CPU.ActiveCfg = Release|Any CPU
		{DF0F0CA5-4842-45B6-828B-80CE2D31AF92}.Release|Any CPU.Build.0 = Release|Any CPU
		{751F52F2-E949-40EE-B227-B2178CE757FF}.Debug|Any CPU.ActiveCfg = Debug|Any CPU
		{751F52F2-E949-40EE-B227-B2178CE757FF}.Debug|Any CPU.Build.0 = Debug|Any CPU
		{751F52F2-E949-40EE-B227-B2178CE757FF}.Release|Any CPU.ActiveCfg = Release|Any CPU
		{751F52F2-E949-40EE-B227-B2178CE757FF}.Release|Any CPU.Build.0 = Release|Any CPU
		{104CADE6-56FC-4DC5-B38B-CFFD03DAD844}.Debug|Any CPU.ActiveCfg = Debug|Any CPU
		{104CADE6-56FC-4DC5-B38B-CFFD03DAD844}.Debug|Any CPU.Build.0 = Debug|Any CPU
		{104CADE6-56FC-4DC5-B38B-CFFD03DAD844}.Release|Any CPU.ActiveCfg = Release|Any CPU
		{104CADE6-56FC-4DC5-B38B-CFFD03DAD844}.Release|Any CPU.Build.0 = Release|Any CPU
	EndGlobalSection
	GlobalSection(SolutionProperties) = preSolution
		HideSolutionNode = FALSE
	EndGlobalSection
	GlobalSection(ExtensibilityGlobals) = postSolution
		SolutionGuid = {33CA4324-7021-46C5-AB5B-AAB9305F7D0F}
	EndGlobalSection
EndGlobal
